{
  "name": "foreman-test",
  "version": "1.0.0",
  "lockfileVersion": 2,
  "requires": true,
  "packages": {
    "": {
      "name": "foreman-test",
      "version": "1.0.0",
      "license": "ISC",
      "dependencies": {
        "@quenty/maid": "^2.0.2",
        "@rbxts/flipper": "^2.0.1"
      }
    },
    "node_modules/@quenty/maid": {
      "version": "2.0.2",
      "resolved": "https://registry.npmjs.org/@quenty/maid/-/maid-2.0.2.tgz",
      "integrity": "sha512-EfWzZCpPZ5BLcXnh0HIrs2THrJniocgJosxzSWZ/gPk99CoMX534zpEO+VTASN6xtvTu3jev2gheio4PGhwONQ==",
      "funding": {
        "type": "patreon",
        "url": "https://www.patreon.com/quenty"
      }
    },
    "node_modules/@rbxts/flipper": {
      "version": "2.0.1",
      "resolved": "https://registry.npmjs.org/@rbxts/flipper/-/flipper-2.0.1.tgz",
      "integrity": "sha512-kxb5AZizP05XSmo3waS/QkcfNMD5b6HX4gGwyHOyBow260R5MIT4L/ZUPLvleXXyb9b67X4NVmHoac1tPXOLNA=="
    }
  },
  "dependencies": {
    "@quenty/maid": {
      "version": "2.0.2",
      "resolved": "https://registry.npmjs.org/@quenty/maid/-/maid-2.0.2.tgz",
      "integrity": "sha512-EfWzZCpPZ5BLcXnh0HIrs2THrJniocgJosxzSWZ/gPk99CoMX534zpEO+VTASN6xtvTu3jev2gheio4PGhwONQ=="
    },
    "@rbxts/flipper": {
      "version": "2.0.1",
      "resolved": "https://registry.npmjs.org/@rbxts/flipper/-/flipper-2.0.1.tgz",
      "integrity": "sha512-kxb5AZizP05XSmo3waS/QkcfNMD5b6HX4gGwyHOyBow260R5MIT4L/ZUPLvleXXyb9b67X4NVmHoac1tPXOLNA=="
    }
  }
}
